// !$*UTF8*$!
{
	archiveVersion = 1;
	classes = {
	};
	objectVersion = 48;
	objects = {

/* Begin PBXBuildFile section */
		D0214D471ED3C0E9B90AD80A /* libPods-OCMock-Test.a in Frameworks */ = {isa = PBXBuildFile; fileRef = 255407C67C183576A16E187C /* libPods-OCMock-Test.a */; };
		EB62E832203019350057421A /* OCMockTests.m in Sources */ = {isa = PBXBuildFile; fileRef = EB62E831203019350057421A /* OCMockTests.m */; };
		EB62E83C20301A660057421A /* NSNumber+Random.m in Sources */ = {isa = PBXBuildFile; fileRef = EB62E83B20301A660057421A /* NSNumber+Random.m */; };
		EB62E83F203025000057421A /* UserManagerCentry.m in Sources */ = {isa = PBXBuildFile; fileRef = EB62E83E203025000057421A /* UserManagerCentry.m */; };
		EB62E845203037940057421A /* TYNetWorkingTool.m in Sources */ = {isa = PBXBuildFile; fileRef = EB62E844203037940057421A /* TYNetWorkingTool.m */; };
		EBEA9DB6202EC63C00D7EE2F /* AppDelegate.m in Sources */ = {isa = PBXBuildFile; fileRef = EBEA9DB5202EC63C00D7EE2F /* AppDelegate.m */; };
		EBEA9DB9202EC63D00D7EE2F /* ViewController.m in Sources */ = {isa = PBXBuildFile; fileRef = EBEA9DB8202EC63D00D7EE2F /* ViewController.m */; };
		EBEA9DBC202EC63D00D7EE2F /* Main.storyboard in Resources */ = {isa = PBXBuildFile; fileRef = EBEA9DBA202EC63D00D7EE2F /* Main.storyboard */; };
		EBEA9DBE202EC63D00D7EE2F /* Assets.xcassets in Resources */ = {isa = PBXBuildFile; fileRef = EBEA9DBD202EC63D00D7EE2F /* Assets.xcassets */; };
		EBEA9DC1202EC63D00D7EE2F /* LaunchScreen.storyboard in Resources */ = {isa = PBXBuildFile; fileRef = EBEA9DBF202EC63D00D7EE2F /* LaunchScreen.storyboard */; };
		EBEA9DC4202EC63D00D7EE2F /* main.m in Sources */ = {isa = PBXBuildFile; fileRef = EBEA9DC3202EC63D00D7EE2F /* main.m */; };
/* End PBXBuildFile section */

/* Begin PBXContainerItemProxy section */
		EB62E834203019350057421A /* PBXContainerItemProxy */ = {
			isa = PBXContainerItemProxy;
			containerPortal = EBEA9DA9202EC63C00D7EE2F /* Project object */;
			proxyType = 1;
			remoteGlobalIDString = EBEA9DB0202EC63C00D7EE2F;
			remoteInfo = "OCMock-Test";
		};
/* End PBXContainerItemProxy section */

/* Begin PBXFileReference section */
		04B44E54B6C4BDF834B4FA37 /* Pods-OCMock-Test.debug.xcconfig */ = {isa = PBXFileReference; includeInIndex = 1; lastKnownFileType = text.xcconfig; name = "Pods-OCMock-Test.debug.xcconfig"; path = "Pods/Target Support Files/Pods-OCMock-Test/Pods-OCMock-Test.debug.xcconfig"; sourceTree = "<group>"; };
		255407C67C183576A16E187C /* libPods-OCMock-Test.a */ = {isa = PBXFileReference; explicitFileType = archive.ar; includeInIndex = 0; path = "libPods-OCMock-Test.a"; sourceTree = BUILT_PRODUCTS_DIR; };
		D67AF13B2E9554E20077175C /* Pods-OCMock-Test.release.xcconfig */ = {isa = PBXFileReference; includeInIndex = 1; lastKnownFileType = text.xcconfig; name = "Pods-OCMock-Test.release.xcconfig"; path = "Pods/Target Support Files/Pods-OCMock-Test/Pods-OCMock-Test.release.xcconfig"; sourceTree = "<group>"; };
		EB62E82F203019350057421A /* OCMockTests.xctest */ = {isa = PBXFileReference; explicitFileType = wrapper.cfbundle; includeInIndex = 0; path = OCMockTests.xctest; sourceTree = BUILT_PRODUCTS_DIR; };
		EB62E831203019350057421A /* OCMockTests.m */ = {isa = PBXFileReference; lastKnownFileType = sourcecode.c.objc; path = OCMockTests.m; sourceTree = "<group>"; };
		EB62E833203019350057421A /* Info.plist */ = {isa = PBXFileReference; lastKnownFileType = text.plist.xml; path = Info.plist; sourceTree = "<group>"; };
		EB62E83A20301A660057421A /* NSNumber+Random.h */ = {isa = PBXFileReference; lastKnownFileType = sourcecode.c.h; path = "NSNumber+Random.h"; sourceTree = "<group>"; };
		EB62E83B20301A660057421A /* NSNumber+Random.m */ = {isa = PBXFileReference; lastKnownFileType = sourcecode.c.objc; path = "NSNumber+Random.m"; sourceTree = "<group>"; };
		EB62E83D203025000057421A /* UserManagerCentry.h */ = {isa = PBXFileReference; lastKnownFileType = sourcecode.c.h; path = UserManagerCentry.h; sourceTree = "<group>"; };
		EB62E83E203025000057421A /* UserManagerCentry.m */ = {isa = PBXFileReference; lastKnownFileType = sourcecode.c.objc; path = UserManagerCentry.m; sourceTree = "<group>"; };
		EB62E843203037940057421A /* TYNetWorkingTool.h */ = {isa = PBXFileReference; lastKnownFileType = sourcecode.c.h; path = TYNetWorkingTool.h; sourceTree = "<group>"; };
		EB62E844203037940057421A /* TYNetWorkingTool.m */ = {isa = PBXFileReference; lastKnownFileType = sourcecode.c.objc; path = TYNetWorkingTool.m; sourceTree = "<group>"; };
		EBEA9DB1202EC63C00D7EE2F /* OCMock-Test.app */ = {isa = PBXFileReference; explicitFileType = wrapper.application; includeInIndex = 0; path = "OCMock-Test.app"; sourceTree = BUILT_PRODUCTS_DIR; };
		EBEA9DB4202EC63C00D7EE2F /* AppDelegate.h */ = {isa = PBXFileReference; lastKnownFileType = sourcecode.c.h; path = AppDelegate.h; sourceTree = "<group>"; };
		EBEA9DB5202EC63C00D7EE2F /* AppDelegate.m */ = {isa = PBXFileReference; lastKnownFileType = sourcecode.c.objc; path = AppDelegate.m; sourceTree = "<group>"; };
		EBEA9DB7202EC63D00D7EE2F /* ViewController.h */ = {isa = PBXFileReference; lastKnownFileType = sourcecode.c.h; path = ViewController.h; sourceTree = "<group>"; };
		EBEA9DB8202EC63D00D7EE2F /* ViewController.m */ = {isa = PBXFileReference; lastKnownFileType = sourcecode.c.objc; path = ViewController.m; sourceTree = "<group>"; };
		EBEA9DBB202EC63D00D7EE2F /* Base */ = {isa = PBXFileReference; lastKnownFileType = file.storyboard; name = Base; path = Base.lproj/Main.storyboard; sourceTree = "<group>"; };
		EBEA9DBD202EC63D00D7EE2F /* Assets.xcassets */ = {isa = PBXFileReference; lastKnownFileType = folder.assetcatalog; path = Assets.xcassets; sourceTree = "<group>"; };
		EBEA9DC0202EC63D00D7EE2F /* Base */ = {isa = PBXFileReference; lastKnownFileType = file.storyboard; name = Base; path = Base.lproj/LaunchScreen.storyboard; sourceTree = "<group>"; };
		EBEA9DC2202EC63D00D7EE2F /* Info.plist */ = {isa = PBXFileReference; lastKnownFileType = text.plist.xml; path = Info.plist; sourceTree = "<group>"; };
		EBEA9DC3202EC63D00D7EE2F /* main.m */ = {isa = PBXFileReference; lastKnownFileType = sourcecode.c.objc; path = main.m; sourceTree = "<group>"; };
/* End PBXFileReference section */

/* Begin PBXFrameworksBuildPhase section */
		EB62E82C203019350057421A /* Frameworks */ = {
			isa = PBXFrameworksBuildPhase;
			buildActionMask = 2147483647;
			files = (
			);
			runOnlyForDeploymentPostprocessing = 0;
		};
		EBEA9DAE202EC63C00D7EE2F /* Frameworks */ = {
			isa = PBXFrameworksBuildPhase;
			buildActionMask = 2147483647;
			files = (
				D0214D471ED3C0E9B90AD80A /* libPods-OCMock-Test.a in Frameworks */,
			);
			runOnlyForDeploymentPostprocessing = 0;
		};
/* End PBXFrameworksBuildPhase section */

/* Begin PBXGroup section */
		10AD472A0E7523A9EAEF25EF /* Frameworks */ = {
			isa = PBXGroup;
			children = (
				255407C67C183576A16E187C /* libPods-OCMock-Test.a */,
			);
			name = Frameworks;
			sourceTree = "<group>";
		};
		EB62E830203019350057421A /* OCMockTests */ = {
			isa = PBXGroup;
			children = (
				EB62E84020302C7E0057421A /* Test */,
				EB62E831203019350057421A /* OCMockTests.m */,
				EB62E833203019350057421A /* Info.plist */,
			);
			path = OCMockTests;
			sourceTree = "<group>";
		};
		EB62E83920301A210057421A /* categories */ = {
			isa = PBXGroup;
			children = (
				EB62E83A20301A660057421A /* NSNumber+Random.h */,
				EB62E83B20301A660057421A /* NSNumber+Random.m */,
			);
			path = categories;
			sourceTree = "<group>";
		};
		EB62E84020302C7E0057421A /* Test */ = {
			isa = PBXGroup;
			children = (
				EB62E84220302D170057421A /* UserCentry */,
				EB62E84120302D080057421A /* LoginTest */,
			);
			path = Test;
			sourceTree = "<group>";
		};
		EB62E84120302D080057421A /* LoginTest */ = {
			isa = PBXGroup;
			children = (
			);
			path = LoginTest;
			sourceTree = "<group>";
		};
		EB62E84220302D170057421A /* UserCentry */ = {
			isa = PBXGroup;
			children = (
			);
			path = UserCentry;
			sourceTree = "<group>";
		};
		EBEA9DA8202EC63B00D7EE2F = {
			isa = PBXGroup;
			children = (
				EBEA9DB3202EC63C00D7EE2F /* OCMock-Test */,
				EB62E830203019350057421A /* OCMockTests */,
				EBEA9DB2202EC63C00D7EE2F /* Products */,
				F36D866DB9B2955475F10668 /* Pods */,
				10AD472A0E7523A9EAEF25EF /* Frameworks */,
			);
			sourceTree = "<group>";
		};
		EBEA9DB2202EC63C00D7EE2F /* Products */ = {
			isa = PBXGroup;
			children = (
				EBEA9DB1202EC63C00D7EE2F /* OCMock-Test.app */,
				EB62E82F203019350057421A /* OCMockTests.xctest */,
			);
			name = Products;
			sourceTree = "<group>";
		};
		EBEA9DB3202EC63C00D7EE2F /* OCMock-Test */ = {
			isa = PBXGroup;
			children = (
				EB62E843203037940057421A /* TYNetWorkingTool.h */,
				EB62E844203037940057421A /* TYNetWorkingTool.m */,
				EB62E83920301A210057421A /* categories */,
				EBEA9DB4202EC63C00D7EE2F /* AppDelegate.h */,
				EBEA9DB5202EC63C00D7EE2F /* AppDelegate.m */,
				EBEA9DB7202EC63D00D7EE2F /* ViewController.h */,
				EBEA9DB8202EC63D00D7EE2F /* ViewController.m */,
				EBEA9DBA202EC63D00D7EE2F /* Main.storyboard */,
				EBEA9DBD202EC63D00D7EE2F /* Assets.xcassets */,
				EBEA9DBF202EC63D00D7EE2F /* LaunchScreen.storyboard */,
				EBEA9DC2202EC63D00D7EE2F /* Info.plist */,
				EBEA9DC3202EC63D00D7EE2F /* main.m */,
				EB62E83D203025000057421A /* UserManagerCentry.h */,
				EB62E83E203025000057421A /* UserManagerCentry.m */,
			);
			path = "OCMock-Test";
			sourceTree = "<group>";
		};
		F36D866DB9B2955475F10668 /* Pods */ = {
			isa = PBXGroup;
			children = (
				04B44E54B6C4BDF834B4FA37 /* Pods-OCMock-Test.debug.xcconfig */,
				D67AF13B2E9554E20077175C /* Pods-OCMock-Test.release.xcconfig */,
			);
			name = Pods;
			sourceTree = "<group>";
		};
/* End PBXGroup section */

/* Begin PBXNativeTarget section */
		EB62E82E203019350057421A /* OCMockTests */ = {
			isa = PBXNativeTarget;
			buildConfigurationList = EB62E836203019350057421A /* Build configuration list for PBXNativeTarget "OCMockTests" */;
			buildPhases = (
				EB62E82B203019350057421A /* Sources */,
				EB62E82C203019350057421A /* Frameworks */,
				EB62E82D203019350057421A /* Resources */,
			);
			buildRules = (
			);
			dependencies = (
				EB62E835203019350057421A /* PBXTargetDependency */,
			);
			name = OCMockTests;
			productName = OCMockTests;
			productReference = EB62E82F203019350057421A /* OCMockTests.xctest */;
			productType = "com.apple.product-type.bundle.unit-test";
		};
		EBEA9DB0202EC63C00D7EE2F /* OCMock-Test */ = {
			isa = PBXNativeTarget;
			buildConfigurationList = EBEA9DC7202EC63D00D7EE2F /* Build configuration list for PBXNativeTarget "OCMock-Test" */;
			buildPhases = (
				EDA5EC240E599BAAD441F137 /* [CP] Check Pods Manifest.lock */,
				EBEA9DAD202EC63C00D7EE2F /* Sources */,
				EBEA9DAE202EC63C00D7EE2F /* Frameworks */,
				EBEA9DAF202EC63C00D7EE2F /* Resources */,
				969DF0449C18106FE3B40C73 /* [CP] Embed Pods Frameworks */,
				F13D88A400F91EDCA72A6DFE /* [CP] Copy Pods Resources */,
			);
			buildRules = (
			);
			dependencies = (
			);
			name = "OCMock-Test";
			productName = "OCMock-Test";
			productReference = EBEA9DB1202EC63C00D7EE2F /* OCMock-Test.app */;
			productType = "com.apple.product-type.application";
		};
/* End PBXNativeTarget section */

/* Begin PBXProject section */
		EBEA9DA9202EC63C00D7EE2F /* Project object */ = {
			isa = PBXProject;
			attributes = {
				LastUpgradeCheck = 0900;
				ORGANIZATIONNAME = "童万华";
				TargetAttributes = {
					EB62E82E203019350057421A = {
						CreatedOnToolsVersion = 9.0;
						ProvisioningStyle = Automatic;
						TestTargetID = EBEA9DB0202EC63C00D7EE2F;
					};
					EBEA9DB0202EC63C00D7EE2F = {
						CreatedOnToolsVersion = 9.0;
						ProvisioningStyle = Automatic;
					};
				};
			};
			buildConfigurationList = EBEA9DAC202EC63C00D7EE2F /* Build configuration list for PBXProject "OCMock-Test" */;
			compatibilityVersion = "Xcode 8.0";
			developmentRegion = en;
			hasScannedForEncodings = 0;
			knownRegions = (
				en,
				Base,
			);
			mainGroup = EBEA9DA8202EC63B00D7EE2F;
			productRefGroup = EBEA9DB2202EC63C00D7EE2F /* Products */;
			projectDirPath = "";
			projectRoot = "";
			targets = (
				EBEA9DB0202EC63C00D7EE2F /* OCMock-Test */,
				EB62E82E203019350057421A /* OCMockTests */,
			);
		};
/* End PBXProject section */

/* Begin PBXResourcesBuildPhase section */
		EB62E82D203019350057421A /* Resources */ = {
			isa = PBXResourcesBuildPhase;
			buildActionMask = 2147483647;
			files = (
			);
			runOnlyForDeploymentPostprocessing = 0;
		};
		EBEA9DAF202EC63C00D7EE2F /* Resources */ = {
			isa = PBXResourcesBuildPhase;
			buildActionMask = 2147483647;
			files = (
				EBEA9DC1202EC63D00D7EE2F /* LaunchScreen.storyboard in Resources */,
				EBEA9DBE202EC63D00D7EE2F /* Assets.xcassets in Resources */,
				EBEA9DBC202EC63D00D7EE2F /* Main.storyboard in Resources */,
			);
			runOnlyForDeploymentPostprocessing = 0;
		};
/* End PBXResourcesBuildPhase section */

/* Begin PBXShellScriptBuildPhase section */
		969DF0449C18106FE3B40C73 /* [CP] Embed Pods Frameworks */ = {
			isa = PBXShellScriptBuildPhase;
			buildActionMask = 2147483647;
			files = (
			);
			inputPaths = (
			);
			name = "[CP] Embed Pods Frameworks";
			outputPaths = (
			);
			runOnlyForDeploymentPostprocessing = 0;
			shellPath = /bin/sh;
			shellScript = "\"${SRCROOT}/Pods/Target Support Files/Pods-OCMock-Test/Pods-OCMock-Test-frameworks.sh\"\n";
			showEnvVarsInLog = 0;
		};
		EDA5EC240E599BAAD441F137 /* [CP] Check Pods Manifest.lock */ = {
			isa = PBXShellScriptBuildPhase;
			buildActionMask = 2147483647;
			files = (
			);
			inputPaths = (
				"${PODS_PODFILE_DIR_PATH}/Podfile.lock",
				"${PODS_ROOT}/Manifest.lock",
			);
			name = "[CP] Check Pods Manifest.lock";
			outputPaths = (
				"$(DERIVED_FILE_DIR)/Pods-OCMock-Test-checkManifestLockResult.txt",
			);
			runOnlyForDeploymentPostprocessing = 0;
			shellPath = /bin/sh;
			shellScript = "diff \"${PODS_PODFILE_DIR_PATH}/Podfile.lock\" \"${PODS_ROOT}/Manifest.lock\" > /dev/null\nif [ $? != 0 ] ; then\n    # print error to STDERR\n    echo \"error: The sandbox is not in sync with the Podfile.lock. Run 'pod install' or update your CocoaPods installation.\" >&2\n    exit 1\nfi\n# This output is used by Xcode 'outputs' to avoid re-running this script phase.\necho \"SUCCESS\" > \"${SCRIPT_OUTPUT_FILE_0}\"\n";
			showEnvVarsInLog = 0;
		};
		F13D88A400F91EDCA72A6DFE /* [CP] Copy Pods Resources */ = {
			isa = PBXShellScriptBuildPhase;
			buildActionMask = 2147483647;
			files = (
			);
			inputPaths = (
			);
			name = "[CP] Copy Pods Resources";
			outputPaths = (
			);
			runOnlyForDeploymentPostprocessing = 0;
			shellPath = /bin/sh;
			shellScript = "\"${SRCROOT}/Pods/Target Support Files/Pods-OCMock-Test/Pods-OCMock-Test-resources.sh\"\n";
			showEnvVarsInLog = 0;
		};
/* End PBXShellScriptBuildPhase section */

/* Begin PBXSourcesBuildPhase section */
		EB62E82B203019350057421A /* Sources */ = {
			isa = PBXSourcesBuildPhase;
			buildActionMask = 2147483647;
			files = (
				EB62E832203019350057421A /* OCMockTests.m in Sources */,
			);
			runOnlyForDeploymentPostprocessing = 0;
		};
		EBEA9DAD202EC63C00D7EE2F /* Sources */ = {
			isa = PBXSourcesBuildPhase;
			buildActionMask = 2147483647;
			files = (
				EBEA9DB9202EC63D00D7EE2F /* ViewController.m in Sources */,
				EBEA9DC4202EC63D00D7EE2F /* main.m in Sources */,
				EB62E845203037940057421A /* TYNetWorkingTool.m in Sources */,
				EB62E83F203025000057421A /* UserManagerCentry.m in Sources */,
				EB62E83C20301A660057421A /* NSNumber+Random.m in Sources */,
				EBEA9DB6202EC63C00D7EE2F /* AppDelegate.m in Sources */,
			);
			runOnlyForDeploymentPostprocessing = 0;
		};
/* End PBXSourcesBuildPhase section */

/* Begin PBXTargetDependency section */
		EB62E835203019350057421A /* PBXTargetDependency */ = {
			isa = PBXTargetDependency;
			target = EBEA9DB0202EC63C00D7EE2F /* OCMock-Test */;
			targetProxy = EB62E834203019350057421A /* PBXContainerItemProxy */;
		};
/* End PBXTargetDependency section */

/* Begin PBXVariantGroup section */
		EBEA9DBA202EC63D00D7EE2F /* Main.storyboard */ = {
			isa = PBXVariantGroup;
			children = (
				EBEA9DBB202EC63D00D7EE2F /* Base */,
			);
			name = Main.storyboard;
			sourceTree = "<group>";
		};
		EBEA9DBF202EC63D00D7EE2F /* LaunchScreen.storyboard */ = {
			isa = PBXVariantGroup;
			children = (
				EBEA9DC0202EC63D00D7EE2F /* Base */,
			);
			name = LaunchScreen.storyboard;
			sourceTree = "<group>";
		};
/* End PBXVariantGroup section */

/* Begin XCBuildConfiguration section */
		EB62E837203019350057421A /* Debug */ = {
			isa = XCBuildConfiguration;
			buildSettings = {
				BUNDLE_LOADER = "$(TEST_HOST)";
				CODE_SIGN_STYLE = Automatic;
				DEVELOPMENT_TEAM = NVZ53TTCA3;
				INFOPLIST_FILE = OCMockTests/Info.plist;
				LD_RUNPATH_SEARCH_PATHS = "$(inherited) @executable_path/Frameworks @loader_path/Frameworks";
				PRODUCT_BUNDLE_IDENTIFIER = lptiyu.com.OCMockTests;
				PRODUCT_NAME = "$(TARGET_NAME)";
				TARGETED_DEVICE_FAMILY = "1,2";
				TEST_HOST = "$(BUILT_PRODUCTS_DIR)/OCMock-Test.app/OCMock-Test";
			};
			name = Debug;
		};
		EB62E838203019350057421A /* Release */ = {
			isa = XCBuildConfiguration;
			buildSettings = {
				BUNDLE_LOADER = "$(TEST_HOST)";
				CODE_SIGN_STYLE = Automatic;
				DEVELOPMENT_TEAM = NVZ53TTCA3;
				INFOPLIST_FILE = OCMockTests/Info.plist;
				LD_RUNPATH_SEARCH_PATHS = "$(inherited) @executable_path/Frameworks @loader_path/Frameworks";
				PRODUCT_BUNDLE_IDENTIFIER = lptiyu.com.OCMockTests;
				PRODUCT_NAME = "$(TARGET_NAME)";
				TARGETED_DEVICE_FAMILY = "1,2";
				TEST_HOST = "$(BUILT_PRODUCTS_DIR)/OCMock-Test.app/OCMock-Test";
			};
			name = Release;
		};
		EBEA9DC5202EC63D00D7EE2F /* Debug */ = {
			isa = XCBuildConfiguration;
			buildSettings = {
				ALWAYS_SEARCH_USER_PATHS = NO;
				CLANG_ANALYZER_NONNULL = YES;
				CLANG_ANALYZER_NUMBER_OBJECT_CONVERSION = YES_AGGRESSIVE;
				CLANG_CXX_LANGUAGE_STANDARD = "gnu++14";
				CLANG_CXX_LIBRARY = "libc++";
				CLANG_ENABLE_MODULES = YES;
				CLANG_ENABLE_OBJC_ARC = YES;
				CLANG_WARN_BLOCK_CAPTURE_AUTORELEASING = YES;
				CLANG_WARN_BOOL_CONVERSION = YES;
				CLANG_WARN_COMMA = YES;
				CLANG_WARN_CONSTANT_CONVERSION = YES;
				CLANG_WARN_DIRECT_OBJC_ISA_USAGE = YES_ERROR;
				CLANG_WARN_DOCUMENTATION_COMMENTS = YES;
				CLANG_WARN_EMPTY_BODY = YES;
				CLANG_WARN_ENUM_CONVERSION = YES;
				CLANG_WARN_INFINITE_RECURSION = YES;
				CLANG_WARN_INT_CONVERSION = YES;
				CLANG_WARN_NON_LITERAL_NULL_CONVERSION = YES;
				CLANG_WARN_OBJC_LITERAL_CONVERSION = YES;
				CLANG_WARN_OBJC_ROOT_CLASS = YES_ERROR;
				CLANG_WARN_RANGE_LOOP_ANALYSIS = YES;
				CLANG_WARN_STRICT_PROTOTYPES = YES;
				CLANG_WARN_SUSPICIOUS_MOVE = YES;
				CLANG_WARN_UNGUARDED_AVAILABILITY = YES_AGGRESSIVE;
				CLANG_WARN_UNREACHABLE_CODE = YES;
				CLANG_WARN__DUPLICATE_METHOD_MATCH = YES;
				CODE_SIGN_IDENTITY = "iPhone Developer";
				COPY_PHASE_STRIP = NO;
				DEBUG_INFORMATION_FORMAT = dwarf;
				ENABLE_STRICT_OBJC_MSGSEND = YES;
				ENABLE_TESTABILITY = YES;
				GCC_C_LANGUAGE_STANDARD = gnu11;
				GCC_DYNAMIC_NO_PIC = NO;
				GCC_NO_COMMON_BLOCKS = YES;
				GCC_OPTIMIZATION_LEVEL = 0;
				GCC_PREPROCESSOR_DEFINITIONS = (
					"DEBUG=1",
					"$(inherited)",
				);
				GCC_WARN_64_TO_32_BIT_CONVERSION = YES;
				GCC_WARN_ABOUT_RETURN_TYPE = YES_ERROR;
				GCC_WARN_UNDECLARED_SELECTOR = YES;
				GCC_WARN_UNINITIALIZED_AUTOS = YES_AGGRESSIVE;
				GCC_WARN_UNUSED_FUNCTION = YES;
				GCC_WARN_UNUSED_VARIABLE = YES;
				IPHONEOS_DEPLOYMENT_TARGET = 11.0;
				MTL_ENABLE_DEBUG_INFO = YES;
				ONLY_ACTIVE_ARCH = YES;
				SDKROOT = iphoneos;
			};
			name = Debug;
		};
		EBEA9DC6202EC63D00D7EE2F /* Release */ = {
			isa = XCBuildConfiguration;
			buildSettings = {
				ALWAYS_SEARCH_USER_PATHS = NO;
				CLANG_ANALYZER_NONNULL = YES;
				CLANG_ANALYZER_NUMBER_OBJECT_CONVERSION = YES_AGGRESSIVE;
				CLANG_CXX_LANGUAGE_STANDARD = "gnu++14";
				CLANG_CXX_LIBRARY = "libc++";
				CLANG_ENABLE_MODULES = YES;
				CLANG_ENABLE_OBJC_ARC = YES;
				CLANG_WARN_BLOCK_CAPTURE_AUTORELEASING = YES;
				CLANG_WARN_BOOL_CONVERSION = YES;
				CLANG_WARN_COMMA = YES;
				CLANG_WARN_CONSTANT_CONVERSION = YES;
				CLANG_WARN_DIRECT_OBJC_ISA_USAGE = YES_ERROR;
				CLANG_WARN_DOCUMENTATION_COMMENTS = YES;
				CLANG_WARN_EMPTY_BODY = YES;
				CLANG_WARN_ENUM_CONVERSION = YES;
				CLANG_WARN_INFINITE_RECURSION = YES;
				CLANG_WARN_INT_CONVERSION = YES;
				CLANG_WARN_NON_LITERAL_NULL_CONVERSION = YES;
				CLANG_WARN_OBJC_LITERAL_CONVERSION = YES;
				CLANG_WARN_OBJC_ROOT_CLASS = YES_ERROR;
				CLANG_WARN_RANGE_LOOP_ANALYSIS = YES;
				CLANG_WARN_STRICT_PROTOTYPES = YES;
				CLANG_WARN_SUSPICIOUS_MOVE = YES;
				CLANG_WARN_UNGUARDED_AVAILABILITY = YES_AGGRESSIVE;
				CLANG_WARN_UNREACHABLE_CODE = YES;
				CLANG_WARN__DUPLICATE_METHOD_MATCH = YES;
				CODE_SIGN_IDENTITY = "iPhone Developer";
				COPY_PHASE_STRIP = NO;
				DEBUG_INFORMATION_FORMAT = "dwarf-with-dsym";
				ENABLE_NS_ASSERTIONS = NO;
				ENABLE_STRICT_OBJC_MSGSEND = YES;
				GCC_C_LANGUAGE_STANDARD = gnu11;
				GCC_NO_COMMON_BLOCKS = YES;
				GCC_WARN_64_TO_32_BIT_CONVERSION = YES;
				GCC_WARN_ABOUT_RETURN_TYPE = YES_ERROR;
				GCC_WARN_UNDECLARED_SELECTOR = YES;
				GCC_WARN_UNINITIALIZED_AUTOS = YES_AGGRESSIVE;
				GCC_WARN_UNUSED_FUNCTION = YES;
				GCC_WARN_UNUSED_VARIABLE = YES;
				IPHONEOS_DEPLOYMENT_TARGET = 11.0;
				MTL_ENABLE_DEBUG_INFO = NO;
				SDKROOT = iphoneos;
				VALIDATE_PRODUCT = YES;
			};
			name = Release;
		};
		EBEA9DC8202EC63D00D7EE2F /* Debug */ = {
			isa = XCBuildConfiguration;
			baseConfigurationReference = 04B44E54B6C4BDF834B4FA37 /* Pods-OCMock-Test.debug.xcconfig */;
			buildSettings = {
				ASSETCATALOG_COMPILER_APPICON_NAME = AppIcon;
				CODE_SIGN_STYLE = Automatic;
				DEVELOPMENT_TEAM = NVZ53TTCA3;
				FRAMEWORK_SEARCH_PATHS = (
					"$(inherited)",
					"$(PROJECT_DIR)",
				);
				INFOPLIST_FILE = "OCMock-Test/Info.plist";
				IPHONEOS_DEPLOYMENT_TARGET = 8.0;
				LD_RUNPATH_SEARCH_PATHS = "$(inherited) @executable_path/Frameworks";
				PRODUCT_BUNDLE_IDENTIFIER = "lptiyu.com.OCMock-Test";
				PRODUCT_NAME = "$(TARGET_NAME)";
				TARGETED_DEVICE_FAMILY = "1,2";
			};
			name = Debug;
		};
		EBEA9DC9202EC63D00D7EE2F /* Release */ = {
			isa = XCBuildConfiguration;
			baseConfigurationReference = D67AF13B2E9554E20077175C /* Pods-OCMock-Test.release.xcconfig */;
			buildSettings = {
				ASSETCATALOG_COMPILER_APPICON_NAME = AppIcon;
				CODE_SIGN_STYLE = Automatic;
				DEVELOPMENT_TEAM = NVZ53TTCA3;
				FRAMEWORK_SEARCH_PATHS = (
					"$(inherited)",
					"$(PROJECT_DIR)",
				);
				INFOPLIST_FILE = "OCMock-Test/Info.plist";
				IPHONEOS_DEPLOYMENT_TARGET = 8.0;
				LD_RUNPATH_SEARCH_PATHS = "$(inherited) @executable_path/Frameworks";
				PRODUCT_BUNDLE_IDENTIFIER = "lptiyu.com.OCMock-Test";
				PRODUCT_NAME = "$(TARGET_NAME)";
				TARGETED_DEVICE_FAMILY = "1,2";
			};
			name = Release;
		};
/* End XCBuildConfiguration section */

/* Begin XCConfigurationList section */
		EB62E836203019350057421A /* Build configuration list for PBXNativeTarget "OCMockTests" */ = {
			isa = XCConfigurationList;
			buildConfigurations = (
				EB62E837203019350057421A /* Debug */,
				EB62E838203019350057421A /* Release */,
			);
			defaultConfigurationIsVisible = 0;
			defaultConfigurationName = Release;
		};
		EBEA9DAC202EC63C00D7EE2F /* Build configuration list for PBXProject "OCMock-Test" */ = {
			isa = XCConfigurationList;
			buildConfigurations = (
				EBEA9DC5202EC63D00D7EE2F /* Debug */,
				EBEA9DC6202EC63D00D7EE2F /* Release */,
			);
			defaultConfigurationIsVisible = 0;
			defaultConfigurationName = Release;
		};
		EBEA9DC7202EC63D00D7EE2F /* Build configuration list for PBXNativeTarget "OCMock-Test" */ = {
			isa = XCConfigurationList;
			buildConfigurations = (
				EBEA9DC8202EC63D00D7EE2F /* Debug */,
				EBEA9DC9202EC63D00D7EE2F /* Release */,
			);
			defaultConfigurationIsVisible = 0;
			defaultConfigurationName = Release;
		};
/* End XCConfigurationList section */
	};
	rootObject = EBEA9DA9202EC63C00D7EE2F /* Project object */;
}
